
Microsoft Visual Studio Solution File, Format Version 12.00
# Visual Studio 15
VisualStudioVersion = 15.0.28010.2026
MinimumVisualStudioVersion = 10.0.40219.1
Project("{FAE04EC0-301F-11D3-BF4B-00C04F79EFBC}") = "WordSearcher", "WordSearcher\WordSearcher.csproj", "{9ADC34F0-9CF0-4E3D-B70F-827070A00566}"
EndProject
Project("{FAE04EC0-301F-11D3-BF4B-00C04F79EFBC}") = "WordSearcherTests1", "WordSearcherTests1\WordSearcherTests1.csproj", "{A5799A9C-1A0A-43D4-8CBD-19454A557B04}"
EndProject
Global
	GlobalSection(SolutionConfigurationPlatforms) = preSolution
		Debug|Any CPU = Debug|Any CPU
		Release|Any CPU = Release|Any CPU
	EndGlobalSection
	GlobalSection(ProjectConfigurationPlatforms) = postSolution
		{9ADC34F0-9CF0-4E3D-B70F-827070A00566}.Debug|Any CPU.ActiveCfg = Debug|Any CPU
		{9ADC34F0-9CF0-4E3D-B70F-827070A00566}.Debug|Any CPU.Build.0 = Debug|Any CPU
		{9ADC34F0-9CF0-4E3D-B70F-827070A00566}.Release|Any CPU.ActiveCfg = Release|Any CPU
		{9ADC34F0-9CF0-4E3D-B70F-827070A00566}.Release|Any CPU.Build.0 = Release|Any CPU
		{A5799A9C-1A0A-43D4-8CBD-19454A557B04}.Debug|Any CPU.ActiveCfg = Debug|Any CPU
		{A5799A9C-1A0A-43D4-8CBD-19454A557B04}.Debug|Any CPU.Build.0 = Debug|Any CPU
		{A5799A9C-1A0A-43D4-8CBD-19454A557B04}.Release|Any CPU.ActiveCfg = Release|Any CPU
		{A5799A9C-1A0A-43D4-8CBD-19454A557B04}.Release|Any CPU.Build.0 = Release|Any CPU
	EndGlobalSection
	GlobalSection(SolutionProperties) = preSolution
		HideSolutionNode = FALSE
	EndGlobalSection
	GlobalSection(ExtensibilityGlobals) = postSolution
		SolutionGuid = {4AC8F8BB-01B0-47CA-8FDD-A28CBA7EF028}
	EndGlobalSection
EndGlobal
